{
  "name": "Matt-Cockayne",
  "lockfileVersion": 3,
  "requires": true,
  "packages": {
    "": {
      "dependencies": {
        "animsition": "^4.0.2"
      }
    },
    "node_modules/animsition": {
      "version": "4.0.2",
      "resolved": "https://registry.npmjs.org/animsition/-/animsition-4.0.2.tgz",
      "integrity": "sha512-mDrTq47VSWU715OPFIfNB0yyZbTcOPy6Jw0iNN2mj8jkrPKIdzOoLdBp8aOd22iv5phwd/ZmixIYhcEnc0Hjyg==",
      "license": "MIT"
    }
  }
}
